
Microsoft Visual Studio Solution File, Format Version 12.00
# Visual Studio Version 17
VisualStudioVersion = 17.14.36310.24
MinimumVisualStudioVersion = 10.0.40219.1
Project("{2150E333-8FDC-42A3-9474-1A3956D46DE8}") = "src", "src", "{02EA681E-C7D8-13C7-8484-4AC65E1B71E8}"
EndProject
Project("{2150E333-8FDC-42A3-9474-1A3956D46DE8}") = "Modules", "Modules", "{B4D570E3-8376-4584-A4DE-7D43931F6FB7}"
EndProject
Project("{FAE04EC0-301F-11D3-BF4B-00C04F79EFBC}") = "AuthService", "src\Modules\AuthService\AuthService.csproj", "{20CA750C-0D1F-423B-AC7C-08EF43F816F5}"
EndProject
Project("{2150E333-8FDC-42A3-9474-1A3956D46DE8}") = "BuildingBlocks", "BuildingBlocks", "{468C8D4A-7798-41CD-8D47-1570F1C409D9}"
EndProject
Project("{2150E333-8FDC-42A3-9474-1A3956D46DE8}") = "EventBus", "EventBus", "{96CBE725-6AF3-4876-8E58-0D3B150F5B7C}"
EndProject
Project("{FAE04EC0-301F-11D3-BF4B-00C04F79EFBC}") = "EventBus.Base", "src\BuildingBlocks\EventBus\EventBus.Base\EventBus.Base.csproj", "{F246FE9C-B433-4672-94BA-979E611A15EC}"
EndProject
Project("{FAE04EC0-301F-11D3-BF4B-00C04F79EFBC}") = "EventBus.Factory", "src\BuildingBlocks\EventBus\EventBus.Factory\EventBus.Factory.csproj", "{BCB12DBD-7903-4D11-A139-4D74EF2F9B27}"
EndProject
Project("{FAE04EC0-301F-11D3-BF4B-00C04F79EFBC}") = "EventBus.RabbitMQ", "src\BuildingBlocks\EventBus\EventBus.RabbitMQ\EventBus.RabbitMQ.csproj", "{CEFDE5C1-3E87-4691-8554-068D680844EF}"
EndProject
Project("{FAE04EC0-301F-11D3-BF4B-00C04F79EFBC}") = "ExceptionHandling", "src\BuildingBlocks\ExceptionHandling\ExceptionHandling.csproj", "{72BCB99C-F762-47CE-B1F4-C916F0028430}"
EndProject
Project("{FAE04EC0-301F-11D3-BF4B-00C04F79EFBC}") = "EventBus.IntegrationEvents", "src\BuildingBlocks\EventBus\EventBus.IntegrationEvents\EventBus.IntegrationEvents.csproj", "{33F489E4-CBCF-4E5A-9211-507B1DECF488}"
EndProject
Project("{FAE04EC0-301F-11D3-BF4B-00C04F79EFBC}") = "UserService", "src\Modules\UserService\UserService.csproj", "{6CEC88AC-858D-4103-83FA-65BE59A1BB89}"
EndProject
Project("{FAE04EC0-301F-11D3-BF4B-00C04F79EFBC}") = "NotificationService", "src\Modules\NotificationService\NotificationService.csproj", "{AB4819F8-B823-4316-B48C-3AA3D23BD667}"
EndProject
Project("{FAE04EC0-301F-11D3-BF4B-00C04F79EFBC}") = "Social.API", "src\Social.API\Social.API.csproj", "{134092FC-AC03-F8C7-EF70-C2F55A8543A2}"
EndProject
Global
	GlobalSection(SolutionConfigurationPlatforms) = preSolution
		Debug|Any CPU = Debug|Any CPU
		Release|Any CPU = Release|Any CPU
	EndGlobalSection
	GlobalSection(ProjectConfigurationPlatforms) = postSolution
		{20CA750C-0D1F-423B-AC7C-08EF43F816F5}.Debug|Any CPU.ActiveCfg = Debug|Any CPU
		{20CA750C-0D1F-423B-AC7C-08EF43F816F5}.Debug|Any CPU.Build.0 = Debug|Any CPU
		{20CA750C-0D1F-423B-AC7C-08EF43F816F5}.Release|Any CPU.ActiveCfg = Release|Any CPU
		{20CA750C-0D1F-423B-AC7C-08EF43F816F5}.Release|Any CPU.Build.0 = Release|Any CPU
		{F246FE9C-B433-4672-94BA-979E611A15EC}.Debug|Any CPU.ActiveCfg = Debug|Any CPU
		{F246FE9C-B433-4672-94BA-979E611A15EC}.Debug|Any CPU.Build.0 = Debug|Any CPU
		{F246FE9C-B433-4672-94BA-979E611A15EC}.Release|Any CPU.ActiveCfg = Release|Any CPU
		{F246FE9C-B433-4672-94BA-979E611A15EC}.Release|Any CPU.Build.0 = Release|Any CPU
		{BCB12DBD-7903-4D11-A139-4D74EF2F9B27}.Debug|Any CPU.ActiveCfg = Debug|Any CPU
		{BCB12DBD-7903-4D11-A139-4D74EF2F9B27}.Debug|Any CPU.Build.0 = Debug|Any CPU
		{BCB12DBD-7903-4D11-A139-4D74EF2F9B27}.Release|Any CPU.ActiveCfg = Release|Any CPU
		{BCB12DBD-7903-4D11-A139-4D74EF2F9B27}.Release|Any CPU.Build.0 = Release|Any CPU
		{CEFDE5C1-3E87-4691-8554-068D680844EF}.Debug|Any CPU.ActiveCfg = Debug|Any CPU
		{CEFDE5C1-3E87-4691-8554-068D680844EF}.Debug|Any CPU.Build.0 = Debug|Any CPU
		{CEFDE5C1-3E87-4691-8554-068D680844EF}.Release|Any CPU.ActiveCfg = Release|Any CPU
		{CEFDE5C1-3E87-4691-8554-068D680844EF}.Release|Any CPU.Build.0 = Release|Any CPU
		{72BCB99C-F762-47CE-B1F4-C916F0028430}.Debug|Any CPU.ActiveCfg = Debug|Any CPU
		{72BCB99C-F762-47CE-B1F4-C916F0028430}.Debug|Any CPU.Build.0 = Debug|Any CPU
		{72BCB99C-F762-47CE-B1F4-C916F0028430}.Release|Any CPU.ActiveCfg = Release|Any CPU
		{72BCB99C-F762-47CE-B1F4-C916F0028430}.Release|Any CPU.Build.0 = Release|Any CPU
		{33F489E4-CBCF-4E5A-9211-507B1DECF488}.Debug|Any CPU.ActiveCfg = Debug|Any CPU
		{33F489E4-CBCF-4E5A-9211-507B1DECF488}.Debug|Any CPU.Build.0 = Debug|Any CPU
		{33F489E4-CBCF-4E5A-9211-507B1DECF488}.Release|Any CPU.ActiveCfg = Release|Any CPU
		{33F489E4-CBCF-4E5A-9211-507B1DECF488}.Release|Any CPU.Build.0 = Release|Any CPU
		{6CEC88AC-858D-4103-83FA-65BE59A1BB89}.Debug|Any CPU.ActiveCfg = Debug|Any CPU
		{6CEC88AC-858D-4103-83FA-65BE59A1BB89}.Debug|Any CPU.Build.0 = Debug|Any CPU
		{6CEC88AC-858D-4103-83FA-65BE59A1BB89}.Release|Any CPU.ActiveCfg = Release|Any CPU
		{6CEC88AC-858D-4103-83FA-65BE59A1BB89}.Release|Any CPU.Build.0 = Release|Any CPU
		{AB4819F8-B823-4316-B48C-3AA3D23BD667}.Debug|Any CPU.ActiveCfg = Debug|Any CPU
		{AB4819F8-B823-4316-B48C-3AA3D23BD667}.Debug|Any CPU.Build.0 = Debug|Any CPU
		{AB4819F8-B823-4316-B48C-3AA3D23BD667}.Release|Any CPU.ActiveCfg = Release|Any CPU
		{AB4819F8-B823-4316-B48C-3AA3D23BD667}.Release|Any CPU.Build.0 = Release|Any CPU
		{134092FC-AC03-F8C7-EF70-C2F55A8543A2}.Debug|Any CPU.ActiveCfg = Debug|Any CPU
		{134092FC-AC03-F8C7-EF70-C2F55A8543A2}.Debug|Any CPU.Build.0 = Debug|Any CPU
		{134092FC-AC03-F8C7-EF70-C2F55A8543A2}.Release|Any CPU.ActiveCfg = Release|Any CPU
		{134092FC-AC03-F8C7-EF70-C2F55A8543A2}.Release|Any CPU.Build.0 = Release|Any CPU
	EndGlobalSection
	GlobalSection(SolutionProperties) = preSolution
		HideSolutionNode = FALSE
	EndGlobalSection
	GlobalSection(NestedProjects) = preSolution
		{B4D570E3-8376-4584-A4DE-7D43931F6FB7} = {02EA681E-C7D8-13C7-8484-4AC65E1B71E8}
		{20CA750C-0D1F-423B-AC7C-08EF43F816F5} = {B4D570E3-8376-4584-A4DE-7D43931F6FB7}
		{468C8D4A-7798-41CD-8D47-1570F1C409D9} = {02EA681E-C7D8-13C7-8484-4AC65E1B71E8}
		{96CBE725-6AF3-4876-8E58-0D3B150F5B7C} = {468C8D4A-7798-41CD-8D47-1570F1C409D9}
		{F246FE9C-B433-4672-94BA-979E611A15EC} = {96CBE725-6AF3-4876-8E58-0D3B150F5B7C}
		{BCB12DBD-7903-4D11-A139-4D74EF2F9B27} = {96CBE725-6AF3-4876-8E58-0D3B150F5B7C}
		{CEFDE5C1-3E87-4691-8554-068D680844EF} = {96CBE725-6AF3-4876-8E58-0D3B150F5B7C}
		{72BCB99C-F762-47CE-B1F4-C916F0028430} = {468C8D4A-7798-41CD-8D47-1570F1C409D9}
		{33F489E4-CBCF-4E5A-9211-507B1DECF488} = {96CBE725-6AF3-4876-8E58-0D3B150F5B7C}
		{6CEC88AC-858D-4103-83FA-65BE59A1BB89} = {B4D570E3-8376-4584-A4DE-7D43931F6FB7}
		{AB4819F8-B823-4316-B48C-3AA3D23BD667} = {B4D570E3-8376-4584-A4DE-7D43931F6FB7}
		{134092FC-AC03-F8C7-EF70-C2F55A8543A2} = {02EA681E-C7D8-13C7-8484-4AC65E1B71E8}
	EndGlobalSection
	GlobalSection(ExtensibilityGlobals) = postSolution
		SolutionGuid = {32555ACC-3B74-4C9F-AA85-2C8093AB6F33}
	EndGlobalSection
EndGlobal
